// !$*UTF8*$!
{
	archiveVersion = 1;
	classes = {
	};
	objectVersion = 56;
	objects = {

/* Begin PBXBuildFile section */
		64B2F6332C795318001F218D /* main.m in Sources */ = {isa = PBXBuildFile; fileRef = 64B2F6322C795318001F218D /* main.m */; };
		64B2F63B2C79532B001F218D /* Materia.m in Sources */ = {isa = PBXBuildFile; fileRef = 64B2F63A2C79532B001F218D /* Materia.m */; };
		64B2F63E2C795340001F218D /* Alumno.m in Sources */ = {isa = PBXBuildFile; fileRef = 64B2F63D2C795340001F218D /* Alumno.m */; };
		64B2F6412C79534D001F218D /* Calificacion.m in Sources */ = {isa = PBXBuildFile; fileRef = 64B2F6402C79534D001F218D /* Calificacion.m */; };
/* End PBXBuildFile section */

/* Begin PBXCopyFilesBuildPhase section */
		64B2F62D2C795318001F218D /* CopyFiles */ = {
			isa = PBXCopyFilesBuildPhase;
			buildActionMask = 2147483647;
			dstPath = /usr/share/man/man1/;
			dstSubfolderSpec = 0;
			files = (
			);
			runOnlyForDeploymentPostprocessing = 1;
		};
/* End PBXCopyFilesBuildPhase section */

/* Begin PBXFileReference section */
		64B2F62F2C795318001F218D /* materiasObjectiveC */ = {isa = PBXFileReference; explicitFileType = "compiled.mach-o.executable"; includeInIndex = 0; path = materiasObjectiveC; sourceTree = BUILT_PRODUCTS_DIR; };
		64B2F6322C795318001F218D /* main.m */ = {isa = PBXFileReference; lastKnownFileType = sourcecode.c.objc; path = main.m; sourceTree = "<group>"; };
		64B2F6392C79532B001F218D /* Materia.h */ = {isa = PBXFileReference; lastKnownFileType = sourcecode.c.h; path = Materia.h; sourceTree = "<group>"; };
		64B2F63A2C79532B001F218D /* Materia.m */ = {isa = PBXFileReference; lastKnownFileType = sourcecode.c.objc; path = Materia.m; sourceTree = "<group>"; };
		64B2F63C2C795340001F218D /* Alumno.h */ = {isa = PBXFileReference; lastKnownFileType = sourcecode.c.h; path = Alumno.h; sourceTree = "<group>"; };
		64B2F63D2C795340001F218D /* Alumno.m */ = {isa = PBXFileReference; lastKnownFileType = sourcecode.c.objc; path = Alumno.m; sourceTree = "<group>"; };
		64B2F63F2C79534D001F218D /* Calificacion.h */ = {isa = PBXFileReference; lastKnownFileType = sourcecode.c.h; path = Calificacion.h; sourceTree = "<group>"; };
		64B2F6402C79534D001F218D /* Calificacion.m */ = {isa = PBXFileReference; lastKnownFileType = sourcecode.c.objc; path = Calificacion.m; sourceTree = "<group>"; };
/* End PBXFileReference section */

/* Begin PBXFrameworksBuildPhase section */
		64B2F62C2C795318001F218D /* Frameworks */ = {
			isa = PBXFrameworksBuildPhase;
			buildActionMask = 2147483647;
			files = (
			);
			runOnlyForDeploymentPostprocessing = 0;
		};
/* End PBXFrameworksBuildPhase section */

/* Begin PBXGroup section */
		64B2F6262C795318001F218D = {
			isa = PBXGroup;
			children = (
				64B2F6312C795318001F218D /* materiasObjectiveC */,
				64B2F6302C795318001F218D /* Products */,
			);
			sourceTree = "<group>";
		};
		64B2F6302C795318001F218D /* Products */ = {
			isa = PBXGroup;
			children = (
				64B2F62F2C795318001F218D /* materiasObjectiveC */,
			);
			name = Products;
			sourceTree = "<group>";
		};
		64B2F6312C795318001F218D /* materiasObjectiveC */ = {
			isa = PBXGroup;
			children = (
				64B2F6322C795318001F218D /* main.m */,
				64B2F6392C79532B001F218D /* Materia.h */,
				64B2F63A2C79532B001F218D /* Materia.m */,
				64B2F63C2C795340001F218D /* Alumno.h */,
				64B2F63D2C795340001F218D /* Alumno.m */,
				64B2F63F2C79534D001F218D /* Calificacion.h */,
				64B2F6402C79534D001F218D /* Calificacion.m */,
			);
			path = materiasObjectiveC;
			sourceTree = "<group>";
		};
/* End PBXGroup section */

/* Begin PBXNativeTarget section */
		64B2F62E2C795318001F218D /* materiasObjectiveC */ = {
			isa = PBXNativeTarget;
			buildConfigurationList = 64B2F6362C795318001F218D /* Build configuration list for PBXNativeTarget "materiasObjectiveC" */;
			buildPhases = (
				64B2F62B2C795318001F218D /* Sources */,
				64B2F62C2C795318001F218D /* Frameworks */,
				64B2F62D2C795318001F218D /* CopyFiles */,
			);
			buildRules = (
			);
			dependencies = (
			);
			name = materiasObjectiveC;
			productName = materiasObjectiveC;
			productReference = 64B2F62F2C795318001F218D /* materiasObjectiveC */;
			productType = "com.apple.product-type.tool";
		};
/* End PBXNativeTarget section */

/* Begin PBXProject section */
		64B2F6272C795318001F218D /* Project object */ = {
			isa = PBXProject;
			attributes = {
				BuildIndependentTargetsInParallel = 1;
				LastUpgradeCheck = 1540;
				TargetAttributes = {
					64B2F62E2C795318001F218D = {
						CreatedOnToolsVersion = 15.4;
					};
				};
			};
			buildConfigurationList = 64B2F62A2C795318001F218D /* Build configuration list for PBXProject "materiasObjectiveC" */;
			compatibilityVersion = "Xcode 14.0";
			developmentRegion = en;
			hasScannedForEncodings = 0;
			knownRegions = (
				en,
				Base,
			);
			mainGroup = 64B2F6262C795318001F218D;
			productRefGroup = 64B2F6302C795318001F218D /* Products */;
			projectDirPath = "";
			projectRoot = "";
			targets = (
				64B2F62E2C795318001F218D /* materiasObjectiveC */,
			);
		};
/* End PBXProject section */

/* Begin PBXSourcesBuildPhase section */
		64B2F62B2C795318001F218D /* Sources */ = {
			isa = PBXSourcesBuildPhase;
			buildActionMask = 2147483647;
			files = (
				64B2F6332C795318001F218D /* main.m in Sources */,
				64B2F63E2C795340001F218D /* Alumno.m in Sources */,
				64B2F6412C79534D001F218D /* Calificacion.m in Sources */,
				64B2F63B2C79532B001F218D /* Materia.m in Sources */,
			);
			runOnlyForDeploymentPostprocessing = 0;
		};
/* End PBXSourcesBuildPhase section */

/* Begin XCBuildConfiguration section */
		64B2F6342C795318001F218D /* Debug */ = {
			isa = XCBuildConfiguration;
			buildSettings = {
				ALWAYS_SEARCH_USER_PATHS = NO;
				ASSETCATALOG_COMPILER_GENERATE_SWIFT_ASSET_SYMBOL_EXTENSIONS = YES;
				CLANG_ANALYZER_NONNULL = YES;
				CLANG_ANALYZER_NUMBER_OBJECT_CONVERSION = YES_AGGRESSIVE;
				CLANG_CXX_LANGUAGE_STANDARD = "gnu++20";
				CLANG_ENABLE_MODULES = YES;
				CLANG_ENABLE_OBJC_ARC = YES;
				CLANG_ENABLE_OBJC_WEAK = YES;
				CLANG_WARN_BLOCK_CAPTURE_AUTORELEASING = YES;
				CLANG_WARN_BOOL_CONVERSION = YES;
				CLANG_WARN_COMMA = YES;
				CLANG_WARN_CONSTANT_CONVERSION = YES;
				CLANG_WARN_DEPRECATED_OBJC_IMPLEMENTATIONS = YES;
				CLANG_WARN_DIRECT_OBJC_ISA_USAGE = YES_ERROR;
				CLANG_WARN_DOCUMENTATION_COMMENTS = YES;
				CLANG_WARN_EMPTY_BODY = YES;
				CLANG_WARN_ENUM_CONVERSION = YES;
				CLANG_WARN_INFINITE_RECURSION = YES;
				CLANG_WARN_INT_CONVERSION = YES;
				CLANG_WARN_NON_LITERAL_NULL_CONVERSION = YES;
				CLANG_WARN_OBJC_IMPLICIT_RETAIN_SELF = YES;
				CLANG_WARN_OBJC_LITERAL_CONVERSION = YES;
				CLANG_WARN_OBJC_ROOT_CLASS = YES_ERROR;
				CLANG_WARN_QUOTED_INCLUDE_IN_FRAMEWORK_HEADER = YES;
				CLANG_WARN_RANGE_LOOP_ANALYSIS = YES;
				CLANG_WARN_STRICT_PROTOTYPES = YES;
				CLANG_WARN_SUSPICIOUS_MOVE = YES;
				CLANG_WARN_UNGUARDED_AVAILABILITY = YES_AGGRESSIVE;
				CLANG_WARN_UNREACHABLE_CODE = YES;
				CLANG_WARN__DUPLICATE_METHOD_MATCH = YES;
				COPY_PHASE_STRIP = NO;
				DEBUG_INFORMATION_FORMAT = dwarf;
				ENABLE_STRICT_OBJC_MSGSEND = YES;
				ENABLE_TESTABILITY = YES;
				ENABLE_USER_SCRIPT_SANDBOXING = YES;
				GCC_C_LANGUAGE_STANDARD = gnu17;
				GCC_DYNAMIC_NO_PIC = NO;
				GCC_NO_COMMON_BLOCKS = YES;
				GCC_OPTIMIZATION_LEVEL = 0;
				GCC_PREPROCESSOR_DEFINITIONS = (
					"DEBUG=1",
					"$(inherited)",
				);
				GCC_WARN_64_TO_32_BIT_CONVERSION = YES;
				GCC_WARN_ABOUT_RETURN_TYPE = YES_ERROR;
				GCC_WARN_UNDECLARED_SELECTOR = YES;
				GCC_WARN_UNINITIALIZED_AUTOS = YES_AGGRESSIVE;
				GCC_WARN_UNUSED_FUNCTION = YES;
				GCC_WARN_UNUSED_VARIABLE = YES;
				LOCALIZATION_PREFERS_STRING_CATALOGS = YES;
				MACOSX_DEPLOYMENT_TARGET = 14.5;
				MTL_ENABLE_DEBUG_INFO = INCLUDE_SOURCE;
				MTL_FAST_MATH = YES;
				ONLY_ACTIVE_ARCH = YES;
				SDKROOT = macosx;
			};
			name = Debug;
		};
		64B2F6352C795318001F218D /* Release */ = {
			isa = XCBuildConfiguration;
			buildSettings = {
				ALWAYS_SEARCH_USER_PATHS = NO;
				ASSETCATALOG_COMPILER_GENERATE_SWIFT_ASSET_SYMBOL_EXTENSIONS = YES;
				CLANG_ANALYZER_NONNULL = YES;
				CLANG_ANALYZER_NUMBER_OBJECT_CONVERSION = YES_AGGRESSIVE;
				CLANG_CXX_LANGUAGE_STANDARD = "gnu++20";
				CLANG_ENABLE_MODULES = YES;
				CLANG_ENABLE_OBJC_ARC = YES;
				CLANG_ENABLE_OBJC_WEAK = YES;
				CLANG_WARN_BLOCK_CAPTURE_AUTORELEASING = YES;
				CLANG_WARN_BOOL_CONVERSION = YES;
				CLANG_WARN_COMMA = YES;
				CLANG_WARN_CONSTANT_CONVERSION = YES;
				CLANG_WARN_DEPRECATED_OBJC_IMPLEMENTATIONS = YES;
				CLANG_WARN_DIRECT_OBJC_ISA_USAGE = YES_ERROR;
				CLANG_WARN_DOCUMENTATION_COMMENTS = YES;
				CLANG_WARN_EMPTY_BODY = YES;
				CLANG_WARN_ENUM_CONVERSION = YES;
				CLANG_WARN_INFINITE_RECURSION = YES;
				CLANG_WARN_INT_CONVERSION = YES;
				CLANG_WARN_NON_LITERAL_NULL_CONVERSION = YES;
				CLANG_WARN_OBJC_IMPLICIT_RETAIN_SELF = YES;
				CLANG_WARN_OBJC_LITERAL_CONVERSION = YES;
				CLANG_WARN_OBJC_ROOT_CLASS = YES_ERROR;
				CLANG_WARN_QUOTED_INCLUDE_IN_FRAMEWORK_HEADER = YES;
				CLANG_WARN_RANGE_LOOP_ANALYSIS = YES;
				CLANG_WARN_STRICT_PROTOTYPES = YES;
				CLANG_WARN_SUSPICIOUS_MOVE = YES;
				CLANG_WARN_UNGUARDED_AVAILABILITY = YES_AGGRESSIVE;
				CLANG_WARN_UNREACHABLE_CODE = YES;
				CLANG_WARN__DUPLICATE_METHOD_MATCH = YES;
				COPY_PHASE_STRIP = NO;
				DEBUG_INFORMATION_FORMAT = "dwarf-with-dsym";
				ENABLE_NS_ASSERTIONS = NO;
				ENABLE_STRICT_OBJC_MSGSEND = YES;
				ENABLE_USER_SCRIPT_SANDBOXING = YES;
				GCC_C_LANGUAGE_STANDARD = gnu17;
				GCC_NO_COMMON_BLOCKS = YES;
				GCC_WARN_64_TO_32_BIT_CONVERSION = YES;
				GCC_WARN_ABOUT_RETURN_TYPE = YES_ERROR;
				GCC_WARN_UNDECLARED_SELECTOR = YES;
				GCC_WARN_UNINITIALIZED_AUTOS = YES_AGGRESSIVE;
				GCC_WARN_UNUSED_FUNCTION = YES;
				GCC_WARN_UNUSED_VARIABLE = YES;
				LOCALIZATION_PREFERS_STRING_CATALOGS = YES;
				MACOSX_DEPLOYMENT_TARGET = 14.5;
				MTL_ENABLE_DEBUG_INFO = NO;
				MTL_FAST_MATH = YES;
				SDKROOT = macosx;
			};
			name = Release;
		};
		64B2F6372C795318001F218D /* Debug */ = {
			isa = XCBuildConfiguration;
			buildSettings = {
				CODE_SIGN_STYLE = Automatic;
				PRODUCT_NAME = "$(TARGET_NAME)";
			};
			name = Debug;
		};
		64B2F6382C795318001F218D /* Release */ = {
			isa = XCBuildConfiguration;
			buildSettings = {
				CODE_SIGN_STYLE = Automatic;
				PRODUCT_NAME = "$(TARGET_NAME)";
			};
			name = Release;
		};
/* End XCBuildConfiguration section */

/* Begin XCConfigurationList section */
		64B2F62A2C795318001F218D /* Build configuration list for PBXProject "materiasObjectiveC" */ = {
			isa = XCConfigurationList;
			buildConfigurations = (
				64B2F6342C795318001F218D /* Debug */,
				64B2F6352C795318001F218D /* Release */,
			);
			defaultConfigurationIsVisible = 0;
			defaultConfigurationName = Release;
		};
		64B2F6362C795318001F218D /* Build configuration list for PBXNativeTarget "materiasObjectiveC" */ = {
			isa = XCConfigurationList;
			buildConfigurations = (
				64B2F6372C795318001F218D /* Debug */,
				64B2F6382C795318001F218D /* Release */,
			);
			defaultConfigurationIsVisible = 0;
			defaultConfigurationName = Release;
		};
/* End XCConfigurationList section */
	};
	rootObject = 64B2F6272C795318001F218D /* Project object */;
}
